
Microsoft Visual Studio Solution File, Format Version 12.00
# Visual Studio 15
VisualStudioVersion = 15.0.27004.2002
MinimumVisualStudioVersion = 10.0.40219.1
Project("{FAE04EC0-301F-11D3-BF4B-00C04F79EFBC}") = "PKCS knihovna", "PKCS knihovna\PKCS knihovna.csproj", "{B49FFB66-EBEC-49B9-9EA9-D3C85B882507}"
EndProject
Project("{FAE04EC0-301F-11D3-BF4B-00C04F79EFBC}") = "Pkcs11Interop", "..\..\..\..\..\Pkcs11Interop\src\Pkcs11Interop\Pkcs11Interop\Pkcs11Interop.csproj", "{9BC3EE70-6B0B-4B26-8C06-B7AE50BE202E}"
EndProject
Project("{FAE04EC0-301F-11D3-BF4B-00C04F79EFBC}") = "Pkcs11InteropTests", "..\..\..\..\..\Pkcs11Interop\src\Pkcs11Interop\Pkcs11InteropTests\Pkcs11InteropTests.csproj", "{21C986F1-411F-4F01-B9A2-5930B6E75DC7}"
EndProject
Project("{FAE04EC0-301F-11D3-BF4B-00C04F79EFBC}") = "info", "info\info.csproj", "{49FD86EC-7B19-418A-9F56-3CA3C52124F1}"
EndProject
Project("{FAE04EC0-301F-11D3-BF4B-00C04F79EFBC}") = "Pkcs11Interop.Samples.Common", "Pkcs11Interop.Samples.Common\Pkcs11Interop.Samples.Common.csproj", "{03C8C426-55A4-4D09-B356-B8A78E54ED76}"
EndProject
Global
	GlobalSection(SolutionConfigurationPlatforms) = preSolution
		Debug|Any CPU = Debug|Any CPU
		Debug|x64 = Debug|x64
		Debug|x86 = Debug|x86
		Release|Any CPU = Release|Any CPU
		Release|x64 = Release|x64
		Release|x86 = Release|x86
	EndGlobalSection
	GlobalSection(ProjectConfigurationPlatforms) = postSolution
		{B49FFB66-EBEC-49B9-9EA9-D3C85B882507}.Debug|Any CPU.ActiveCfg = Debug|Any CPU
		{B49FFB66-EBEC-49B9-9EA9-D3C85B882507}.Debug|Any CPU.Build.0 = Debug|Any CPU
		{B49FFB66-EBEC-49B9-9EA9-D3C85B882507}.Debug|x64.ActiveCfg = Debug|Any CPU
		{B49FFB66-EBEC-49B9-9EA9-D3C85B882507}.Debug|x64.Build.0 = Debug|Any CPU
		{B49FFB66-EBEC-49B9-9EA9-D3C85B882507}.Debug|x86.ActiveCfg = Debug|Any CPU
		{B49FFB66-EBEC-49B9-9EA9-D3C85B882507}.Debug|x86.Build.0 = Debug|Any CPU
		{B49FFB66-EBEC-49B9-9EA9-D3C85B882507}.Release|Any CPU.ActiveCfg = Release|Any CPU
		{B49FFB66-EBEC-49B9-9EA9-D3C85B882507}.Release|Any CPU.Build.0 = Release|Any CPU
		{B49FFB66-EBEC-49B9-9EA9-D3C85B882507}.Release|x64.ActiveCfg = Release|Any CPU
		{B49FFB66-EBEC-49B9-9EA9-D3C85B882507}.Release|x64.Build.0 = Release|Any CPU
		{B49FFB66-EBEC-49B9-9EA9-D3C85B882507}.Release|x86.ActiveCfg = Release|Any CPU
		{B49FFB66-EBEC-49B9-9EA9-D3C85B882507}.Release|x86.Build.0 = Release|Any CPU
		{9BC3EE70-6B0B-4B26-8C06-B7AE50BE202E}.Debug|Any CPU.ActiveCfg = Debug|Any CPU
		{9BC3EE70-6B0B-4B26-8C06-B7AE50BE202E}.Debug|Any CPU.Build.0 = Debug|Any CPU
		{9BC3EE70-6B0B-4B26-8C06-B7AE50BE202E}.Debug|x64.ActiveCfg = Debug|Any CPU
		{9BC3EE70-6B0B-4B26-8C06-B7AE50BE202E}.Debug|x64.Build.0 = Debug|Any CPU
		{9BC3EE70-6B0B-4B26-8C06-B7AE50BE202E}.Debug|x86.ActiveCfg = Debug|Any CPU
		{9BC3EE70-6B0B-4B26-8C06-B7AE50BE202E}.Debug|x86.Build.0 = Debug|Any CPU
		{9BC3EE70-6B0B-4B26-8C06-B7AE50BE202E}.Release|Any CPU.ActiveCfg = Release|Any CPU
		{9BC3EE70-6B0B-4B26-8C06-B7AE50BE202E}.Release|Any CPU.Build.0 = Release|Any CPU
		{9BC3EE70-6B0B-4B26-8C06-B7AE50BE202E}.Release|x64.ActiveCfg = Release|Any CPU
		{9BC3EE70-6B0B-4B26-8C06-B7AE50BE202E}.Release|x64.Build.0 = Release|Any CPU
		{9BC3EE70-6B0B-4B26-8C06-B7AE50BE202E}.Release|x86.ActiveCfg = Release|Any CPU
		{9BC3EE70-6B0B-4B26-8C06-B7AE50BE202E}.Release|x86.Build.0 = Release|Any CPU
		{21C986F1-411F-4F01-B9A2-5930B6E75DC7}.Debug|Any CPU.ActiveCfg = Debug|Any CPU
		{21C986F1-411F-4F01-B9A2-5930B6E75DC7}.Debug|Any CPU.Build.0 = Debug|Any CPU
		{21C986F1-411F-4F01-B9A2-5930B6E75DC7}.Debug|x64.ActiveCfg = Debug|Any CPU
		{21C986F1-411F-4F01-B9A2-5930B6E75DC7}.Debug|x64.Build.0 = Debug|Any CPU
		{21C986F1-411F-4F01-B9A2-5930B6E75DC7}.Debug|x86.ActiveCfg = Debug|Any CPU
		{21C986F1-411F-4F01-B9A2-5930B6E75DC7}.Debug|x86.Build.0 = Debug|Any CPU
		{21C986F1-411F-4F01-B9A2-5930B6E75DC7}.Release|Any CPU.ActiveCfg = Release|Any CPU
		{21C986F1-411F-4F01-B9A2-5930B6E75DC7}.Release|Any CPU.Build.0 = Release|Any CPU
		{21C986F1-411F-4F01-B9A2-5930B6E75DC7}.Release|x64.ActiveCfg = Release|Any CPU
		{21C986F1-411F-4F01-B9A2-5930B6E75DC7}.Release|x64.Build.0 = Release|Any CPU
		{21C986F1-411F-4F01-B9A2-5930B6E75DC7}.Release|x86.ActiveCfg = Release|Any CPU
		{21C986F1-411F-4F01-B9A2-5930B6E75DC7}.Release|x86.Build.0 = Release|Any CPU
		{49FD86EC-7B19-418A-9F56-3CA3C52124F1}.Debug|Any CPU.ActiveCfg = Debug|Any CPU
		{49FD86EC-7B19-418A-9F56-3CA3C52124F1}.Debug|Any CPU.Build.0 = Debug|Any CPU
		{49FD86EC-7B19-418A-9F56-3CA3C52124F1}.Debug|x64.ActiveCfg = Debug|Any CPU
		{49FD86EC-7B19-418A-9F56-3CA3C52124F1}.Debug|x64.Build.0 = Debug|Any CPU
		{49FD86EC-7B19-418A-9F56-3CA3C52124F1}.Debug|x86.ActiveCfg = Debug|Any CPU
		{49FD86EC-7B19-418A-9F56-3CA3C52124F1}.Debug|x86.Build.0 = Debug|Any CPU
		{49FD86EC-7B19-418A-9F56-3CA3C52124F1}.Release|Any CPU.ActiveCfg = Release|Any CPU
		{49FD86EC-7B19-418A-9F56-3CA3C52124F1}.Release|Any CPU.Build.0 = Release|Any CPU
		{49FD86EC-7B19-418A-9F56-3CA3C52124F1}.Release|x64.ActiveCfg = Release|Any CPU
		{49FD86EC-7B19-418A-9F56-3CA3C52124F1}.Release|x64.Build.0 = Release|Any CPU
		{49FD86EC-7B19-418A-9F56-3CA3C52124F1}.Release|x86.ActiveCfg = Release|Any CPU
		{49FD86EC-7B19-418A-9F56-3CA3C52124F1}.Release|x86.Build.0 = Release|Any CPU
		{03C8C426-55A4-4D09-B356-B8A78E54ED76}.Debug|Any CPU.ActiveCfg = Debug|Any CPU
		{03C8C426-55A4-4D09-B356-B8A78E54ED76}.Debug|Any CPU.Build.0 = Debug|Any CPU
		{03C8C426-55A4-4D09-B356-B8A78E54ED76}.Debug|x64.ActiveCfg = Debug|Any CPU
		{03C8C426-55A4-4D09-B356-B8A78E54ED76}.Debug|x64.Build.0 = Debug|Any CPU
		{03C8C426-55A4-4D09-B356-B8A78E54ED76}.Debug|x86.ActiveCfg = Debug|Any CPU
		{03C8C426-55A4-4D09-B356-B8A78E54ED76}.Debug|x86.Build.0 = Debug|Any CPU
		{03C8C426-55A4-4D09-B356-B8A78E54ED76}.Release|Any CPU.ActiveCfg = Release|Any CPU
		{03C8C426-55A4-4D09-B356-B8A78E54ED76}.Release|Any CPU.Build.0 = Release|Any CPU
		{03C8C426-55A4-4D09-B356-B8A78E54ED76}.Release|x64.ActiveCfg = Release|Any CPU
		{03C8C426-55A4-4D09-B356-B8A78E54ED76}.Release|x64.Build.0 = Release|Any CPU
		{03C8C426-55A4-4D09-B356-B8A78E54ED76}.Release|x86.ActiveCfg = Release|Any CPU
		{03C8C426-55A4-4D09-B356-B8A78E54ED76}.Release|x86.Build.0 = Release|Any CPU
	EndGlobalSection
	GlobalSection(SolutionProperties) = preSolution
		HideSolutionNode = FALSE
	EndGlobalSection
	GlobalSection(ExtensibilityGlobals) = postSolution
		SolutionGuid = {8F7BDEA6-AE14-426A-9E67-5D1DD3498E37}
	EndGlobalSection
EndGlobal
